// !$*UTF8*$!
{
	archiveVersion = 1;
	classes = {
	};
	objectVersion = 50;
	objects = {

/* Begin PBXBuildFile section */
		881045A42302A39000C7BD76 /* AppDelegate.m in Sources */ = {isa = PBXBuildFile; fileRef = 881045A32302A39000C7BD76 /* AppDelegate.m */; };
		881045A72302A39000C7BD76 /* ViewController.m in Sources */ = {isa = PBXBuildFile; fileRef = 881045A62302A39000C7BD76 /* ViewController.m */; };
		881045AA2302A39000C7BD76 /* Main.storyboard in Resources */ = {isa = PBXBuildFile; fileRef = 881045A82302A39000C7BD76 /* Main.storyboard */; };
		881045AC2302A39300C7BD76 /* Assets.xcassets in Resources */ = {isa = PBXBuildFile; fileRef = 881045AB2302A39300C7BD76 /* Assets.xcassets */; };
		881045AF2302A39300C7BD76 /* LaunchScreen.storyboard in Resources */ = {isa = PBXBuildFile; fileRef = 881045AD2302A39300C7BD76 /* LaunchScreen.storyboard */; };
		881045B22302A39300C7BD76 /* main.m in Sources */ = {isa = PBXBuildFile; fileRef = 881045B12302A39300C7BD76 /* main.m */; };
		881045F92302B5ED00C7BD76 /* easy-inject.js in Resources */ = {isa = PBXBuildFile; fileRef = 881045F82302B5ED00C7BD76 /* easy-inject.js */; };
		881045FE2302BD5300C7BD76 /* NativeMethods.m in Sources */ = {isa = PBXBuildFile; fileRef = 881045FD2302BD5300C7BD76 /* NativeMethods.m */; };
		881046002302C10200C7BD76 /* index.html in Resources */ = {isa = PBXBuildFile; fileRef = 881045FF2302C10200C7BD76 /* index.html */; };
		88C3154023B9DA0800E14897 /* MJPropertyType.m in Sources */ = {isa = PBXBuildFile; fileRef = 88C3152E23B9DA0800E14897 /* MJPropertyType.m */; };
		88C3154123B9DA0800E14897 /* NSObject+MJKeyValue.m in Sources */ = {isa = PBXBuildFile; fileRef = 88C3153123B9DA0800E14897 /* NSObject+MJKeyValue.m */; };
		88C3154223B9DA0800E14897 /* MJProperty.m in Sources */ = {isa = PBXBuildFile; fileRef = 88C3153223B9DA0800E14897 /* MJProperty.m */; };
		88C3154323B9DA0800E14897 /* NSObject+MJCoding.m in Sources */ = {isa = PBXBuildFile; fileRef = 88C3153423B9DA0800E14897 /* NSObject+MJCoding.m */; };
		88C3154423B9DA0800E14897 /* MJExtensionConst.m in Sources */ = {isa = PBXBuildFile; fileRef = 88C3153623B9DA0800E14897 /* MJExtensionConst.m */; };
		88C3154523B9DA0800E14897 /* NSObject+MJProperty.m in Sources */ = {isa = PBXBuildFile; fileRef = 88C3153723B9DA0800E14897 /* NSObject+MJProperty.m */; };
		88C3154623B9DA0800E14897 /* NSObject+MJClass.m in Sources */ = {isa = PBXBuildFile; fileRef = 88C3153923B9DA0800E14897 /* NSObject+MJClass.m */; };
		88C3154723B9DA0800E14897 /* NSString+MJExtension.m in Sources */ = {isa = PBXBuildFile; fileRef = 88C3153A23B9DA0800E14897 /* NSString+MJExtension.m */; };
		88C3154823B9DA0800E14897 /* MJPropertyKey.m in Sources */ = {isa = PBXBuildFile; fileRef = 88C3153B23B9DA0800E14897 /* MJPropertyKey.m */; };
		88C3154923B9DA0800E14897 /* MJFoundation.m in Sources */ = {isa = PBXBuildFile; fileRef = 88C3153F23B9DA0800E14897 /* MJFoundation.m */; };
		FA1A3F49258F583400384BC0 /* JSMethods.m in Sources */ = {isa = PBXBuildFile; fileRef = FA1A3F48258F583400384BC0 /* JSMethods.m */; };
		FA41D3B02590B1DD002EC091 /* JSBridge.m in Sources */ = {isa = PBXBuildFile; fileRef = FA41D3AF2590B1DD002EC091 /* JSBridge.m */; };
/* End PBXBuildFile section */

/* Begin PBXContainerItemProxy section */
		881045B82302A39400C7BD76 /* PBXContainerItemProxy */ = {
			isa = PBXContainerItemProxy;
			containerPortal = 881045972302A39000C7BD76 /* Project object */;
			proxyType = 1;
			remoteGlobalIDString = 8810459E2302A39000C7BD76;
			remoteInfo = TMEasyJSWebView;
		};
		881045C32302A39400C7BD76 /* PBXContainerItemProxy */ = {
			isa = PBXContainerItemProxy;
			containerPortal = 881045972302A39000C7BD76 /* Project object */;
			proxyType = 1;
			remoteGlobalIDString = 8810459E2302A39000C7BD76;
			remoteInfo = TMEasyJSWebView;
		};
/* End PBXContainerItemProxy section */

/* Begin PBXFileReference section */
		8810459F2302A39000C7BD76 /* WKEasyJSWebView.app */ = {isa = PBXFileReference; explicitFileType = wrapper.application; includeInIndex = 0; path = WKEasyJSWebView.app; sourceTree = BUILT_PRODUCTS_DIR; };
		881045A22302A39000C7BD76 /* AppDelegate.h */ = {isa = PBXFileReference; lastKnownFileType = sourcecode.c.h; path = AppDelegate.h; sourceTree = "<group>"; };
		881045A32302A39000C7BD76 /* AppDelegate.m */ = {isa = PBXFileReference; lastKnownFileType = sourcecode.c.objc; path = AppDelegate.m; sourceTree = "<group>"; };
		881045A52302A39000C7BD76 /* ViewController.h */ = {isa = PBXFileReference; lastKnownFileType = sourcecode.c.h; path = ViewController.h; sourceTree = "<group>"; };
		881045A62302A39000C7BD76 /* ViewController.m */ = {isa = PBXFileReference; lastKnownFileType = sourcecode.c.objc; path = ViewController.m; sourceTree = "<group>"; };
		881045A92302A39000C7BD76 /* Base */ = {isa = PBXFileReference; lastKnownFileType = file.storyboard; name = Base; path = Base.lproj/Main.storyboard; sourceTree = "<group>"; };
		881045AB2302A39300C7BD76 /* Assets.xcassets */ = {isa = PBXFileReference; lastKnownFileType = folder.assetcatalog; path = Assets.xcassets; sourceTree = "<group>"; };
		881045AE2302A39300C7BD76 /* Base */ = {isa = PBXFileReference; lastKnownFileType = file.storyboard; name = Base; path = Base.lproj/LaunchScreen.storyboard; sourceTree = "<group>"; };
		881045B02302A39300C7BD76 /* Info.plist */ = {isa = PBXFileReference; lastKnownFileType = text.plist.xml; path = Info.plist; sourceTree = "<group>"; };
		881045B12302A39300C7BD76 /* main.m */ = {isa = PBXFileReference; lastKnownFileType = sourcecode.c.objc; path = main.m; sourceTree = "<group>"; };
		881045B72302A39400C7BD76 /* WKEasyJSWebViewTests.xctest */ = {isa = PBXFileReference; explicitFileType = wrapper.cfbundle; includeInIndex = 0; path = WKEasyJSWebViewTests.xctest; sourceTree = BUILT_PRODUCTS_DIR; };
		881045C22302A39400C7BD76 /* WKEasyJSWebViewUITests.xctest */ = {isa = PBXFileReference; explicitFileType = wrapper.cfbundle; includeInIndex = 0; path = WKEasyJSWebViewUITests.xctest; sourceTree = BUILT_PRODUCTS_DIR; };
		881045F82302B5ED00C7BD76 /* easy-inject.js */ = {isa = PBXFileReference; fileEncoding = 4; lastKnownFileType = sourcecode.javascript; path = "easy-inject.js"; sourceTree = "<group>"; };
		881045FC2302BD5300C7BD76 /* NativeMethods.h */ = {isa = PBXFileReference; lastKnownFileType = sourcecode.c.h; path = NativeMethods.h; sourceTree = "<group>"; };
		881045FD2302BD5300C7BD76 /* NativeMethods.m */ = {isa = PBXFileReference; lastKnownFileType = sourcecode.c.objc; path = NativeMethods.m; sourceTree = "<group>"; };
		881045FF2302C10200C7BD76 /* index.html */ = {isa = PBXFileReference; fileEncoding = 4; lastKnownFileType = text.html; path = index.html; sourceTree = "<group>"; };
		88C3152B23B9DA0800E14897 /* MJPropertyKey.h */ = {isa = PBXFileReference; fileEncoding = 4; lastKnownFileType = sourcecode.c.h; path = MJPropertyKey.h; sourceTree = "<group>"; };
		88C3152C23B9DA0800E14897 /* NSObject+MJClass.h */ = {isa = PBXFileReference; fileEncoding = 4; lastKnownFileType = sourcecode.c.h; path = "NSObject+MJClass.h"; sourceTree = "<group>"; };
		88C3152D23B9DA0800E14897 /* NSString+MJExtension.h */ = {isa = PBXFileReference; fileEncoding = 4; lastKnownFileType = sourcecode.c.h; path = "NSString+MJExtension.h"; sourceTree = "<group>"; };
		88C3152E23B9DA0800E14897 /* MJPropertyType.m */ = {isa = PBXFileReference; fileEncoding = 4; lastKnownFileType = sourcecode.c.objc; path = MJPropertyType.m; sourceTree = "<group>"; };
		88C3152F23B9DA0800E14897 /* NSObject+MJProperty.h */ = {isa = PBXFileReference; fileEncoding = 4; lastKnownFileType = sourcecode.c.h; path = "NSObject+MJProperty.h"; sourceTree = "<group>"; };
		88C3153023B9DA0800E14897 /* MJExtensionConst.h */ = {isa = PBXFileReference; fileEncoding = 4; lastKnownFileType = sourcecode.c.h; path = MJExtensionConst.h; sourceTree = "<group>"; };
		88C3153123B9DA0800E14897 /* NSObject+MJKeyValue.m */ = {isa = PBXFileReference; fileEncoding = 4; lastKnownFileType = sourcecode.c.objc; path = "NSObject+MJKeyValue.m"; sourceTree = "<group>"; };
		88C3153223B9DA0800E14897 /* MJProperty.m */ = {isa = PBXFileReference; fileEncoding = 4; lastKnownFileType = sourcecode.c.objc; path = MJProperty.m; sourceTree = "<group>"; };
		88C3153323B9DA0800E14897 /* MJFoundation.h */ = {isa = PBXFileReference; fileEncoding = 4; lastKnownFileType = sourcecode.c.h; path = MJFoundation.h; sourceTree = "<group>"; };
		88C3153423B9DA0800E14897 /* NSObject+MJCoding.m */ = {isa = PBXFileReference; fileEncoding = 4; lastKnownFileType = sourcecode.c.objc; path = "NSObject+MJCoding.m"; sourceTree = "<group>"; };
		88C3153523B9DA0800E14897 /* MJExtension.h */ = {isa = PBXFileReference; fileEncoding = 4; lastKnownFileType = sourcecode.c.h; path = MJExtension.h; sourceTree = "<group>"; };
		88C3153623B9DA0800E14897 /* MJExtensionConst.m */ = {isa = PBXFileReference; fileEncoding = 4; lastKnownFileType = sourcecode.c.objc; path = MJExtensionConst.m; sourceTree = "<group>"; };
		88C3153723B9DA0800E14897 /* NSObject+MJProperty.m */ = {isa = PBXFileReference; fileEncoding = 4; lastKnownFileType = sourcecode.c.objc; path = "NSObject+MJProperty.m"; sourceTree = "<group>"; };
		88C3153823B9DA0800E14897 /* MJPropertyType.h */ = {isa = PBXFileReference; fileEncoding = 4; lastKnownFileType = sourcecode.c.h; path = MJPropertyType.h; sourceTree = "<group>"; };
		88C3153923B9DA0800E14897 /* NSObject+MJClass.m */ = {isa = PBXFileReference; fileEncoding = 4; lastKnownFileType = sourcecode.c.objc; path = "NSObject+MJClass.m"; sourceTree = "<group>"; };
		88C3153A23B9DA0800E14897 /* NSString+MJExtension.m */ = {isa = PBXFileReference; fileEncoding = 4; lastKnownFileType = sourcecode.c.objc; path = "NSString+MJExtension.m"; sourceTree = "<group>"; };
		88C3153B23B9DA0800E14897 /* MJPropertyKey.m */ = {isa = PBXFileReference; fileEncoding = 4; lastKnownFileType = sourcecode.c.objc; path = MJPropertyKey.m; sourceTree = "<group>"; };
		88C3153C23B9DA0800E14897 /* MJProperty.h */ = {isa = PBXFileReference; fileEncoding = 4; lastKnownFileType = sourcecode.c.h; path = MJProperty.h; sourceTree = "<group>"; };
		88C3153D23B9DA0800E14897 /* NSObject+MJKeyValue.h */ = {isa = PBXFileReference; fileEncoding = 4; lastKnownFileType = sourcecode.c.h; path = "NSObject+MJKeyValue.h"; sourceTree = "<group>"; };
		88C3153E23B9DA0800E14897 /* NSObject+MJCoding.h */ = {isa = PBXFileReference; fileEncoding = 4; lastKnownFileType = sourcecode.c.h; path = "NSObject+MJCoding.h"; sourceTree = "<group>"; };
		88C3153F23B9DA0800E14897 /* MJFoundation.m */ = {isa = PBXFileReference; fileEncoding = 4; lastKnownFileType = sourcecode.c.objc; path = MJFoundation.m; sourceTree = "<group>"; };
		FA1A3F47258F583400384BC0 /* JSMethods.h */ = {isa = PBXFileReference; lastKnownFileType = sourcecode.c.h; path = JSMethods.h; sourceTree = "<group>"; };
		FA1A3F48258F583400384BC0 /* JSMethods.m */ = {isa = PBXFileReference; lastKnownFileType = sourcecode.c.objc; path = JSMethods.m; sourceTree = "<group>"; };
		FA41D3AE2590B1DD002EC091 /* JSBridge.h */ = {isa = PBXFileReference; lastKnownFileType = sourcecode.c.h; path = JSBridge.h; sourceTree = "<group>"; };
		FA41D3AF2590B1DD002EC091 /* JSBridge.m */ = {isa = PBXFileReference; lastKnownFileType = sourcecode.c.objc; path = JSBridge.m; sourceTree = "<group>"; };
/* End PBXFileReference section */

/* Begin PBXFrameworksBuildPhase section */
		8810459C2302A39000C7BD76 /* Frameworks */ = {
			isa = PBXFrameworksBuildPhase;
			buildActionMask = 2147483647;
			files = (
			);
			runOnlyForDeploymentPostprocessing = 0;
		};
		881045B42302A39400C7BD76 /* Frameworks */ = {
			isa = PBXFrameworksBuildPhase;
			buildActionMask = 2147483647;
			files = (
			);
			runOnlyForDeploymentPostprocessing = 0;
		};
		881045BF2302A39400C7BD76 /* Frameworks */ = {
			isa = PBXFrameworksBuildPhase;
			buildActionMask = 2147483647;
			files = (
			);
			runOnlyForDeploymentPostprocessing = 0;
		};
/* End PBXFrameworksBuildPhase section */

/* Begin PBXGroup section */
		881045962302A39000C7BD76 = {
			isa = PBXGroup;
			children = (
				881045A12302A39000C7BD76 /* TMEasyJSWebView */,
				881045A02302A39000C7BD76 /* Products */,
			);
			sourceTree = "<group>";
		};
		881045A02302A39000C7BD76 /* Products */ = {
			isa = PBXGroup;
			children = (
				8810459F2302A39000C7BD76 /* WKEasyJSWebView.app */,
				881045B72302A39400C7BD76 /* WKEasyJSWebViewTests.xctest */,
				881045C22302A39400C7BD76 /* WKEasyJSWebViewUITests.xctest */,
			);
			name = Products;
			sourceTree = "<group>";
		};
		881045A12302A39000C7BD76 /* TMEasyJSWebView */ = {
			isa = PBXGroup;
			children = (
				881045FA2302BC9700C7BD76 /* demo */,
				881045EE2302A49B00C7BD76 /* JSBridge */,
				88C3152A23B9DA0800E14897 /* MJExtension */,
				881045FB2302BCBB00C7BD76 /* Support Fiels */,
			);
			path = TMEasyJSWebView;
			sourceTree = "<group>";
		};
		881045EE2302A49B00C7BD76 /* JSBridge */ = {
			isa = PBXGroup;
			children = (
				FA41D3AE2590B1DD002EC091 /* JSBridge.h */,
				FA41D3AF2590B1DD002EC091 /* JSBridge.m */,
				881045FC2302BD5300C7BD76 /* NativeMethods.h */,
				881045FD2302BD5300C7BD76 /* NativeMethods.m */,
				FA1A3F47258F583400384BC0 /* JSMethods.h */,
				FA1A3F48258F583400384BC0 /* JSMethods.m */,
			);
			path = JSBridge;
			sourceTree = "<group>";
		};
		881045FA2302BC9700C7BD76 /* demo */ = {
			isa = PBXGroup;
			children = (
				881045A22302A39000C7BD76 /* AppDelegate.h */,
				881045A32302A39000C7BD76 /* AppDelegate.m */,
				881045A52302A39000C7BD76 /* ViewController.h */,
				881045A62302A39000C7BD76 /* ViewController.m */,
				881045FF2302C10200C7BD76 /* index.html */,
				881045F82302B5ED00C7BD76 /* easy-inject.js */,
			);
			path = demo;
			sourceTree = "<group>";
		};
		881045FB2302BCBB00C7BD76 /* Support Fiels */ = {
			isa = PBXGroup;
			children = (
				881045A82302A39000C7BD76 /* Main.storyboard */,
				881045AB2302A39300C7BD76 /* Assets.xcassets */,
				881045AD2302A39300C7BD76 /* LaunchScreen.storyboard */,
				881045B02302A39300C7BD76 /* Info.plist */,
				881045B12302A39300C7BD76 /* main.m */,
			);
			name = "Support Fiels";
			sourceTree = "<group>";
		};
		88C3152A23B9DA0800E14897 /* MJExtension */ = {
			isa = PBXGroup;
			children = (
				88C3152B23B9DA0800E14897 /* MJPropertyKey.h */,
				88C3152C23B9DA0800E14897 /* NSObject+MJClass.h */,
				88C3152D23B9DA0800E14897 /* NSString+MJExtension.h */,
				88C3152E23B9DA0800E14897 /* MJPropertyType.m */,
				88C3152F23B9DA0800E14897 /* NSObject+MJProperty.h */,
				88C3153023B9DA0800E14897 /* MJExtensionConst.h */,
				88C3153123B9DA0800E14897 /* NSObject+MJKeyValue.m */,
				88C3153223B9DA0800E14897 /* MJProperty.m */,
				88C3153323B9DA0800E14897 /* MJFoundation.h */,
				88C3153423B9DA0800E14897 /* NSObject+MJCoding.m */,
				88C3153523B9DA0800E14897 /* MJExtension.h */,
				88C3153623B9DA0800E14897 /* MJExtensionConst.m */,
				88C3153723B9DA0800E14897 /* NSObject+MJProperty.m */,
				88C3153823B9DA0800E14897 /* MJPropertyType.h */,
				88C3153923B9DA0800E14897 /* NSObject+MJClass.m */,
				88C3153A23B9DA0800E14897 /* NSString+MJExtension.m */,
				88C3153B23B9DA0800E14897 /* MJPropertyKey.m */,
				88C3153C23B9DA0800E14897 /* MJProperty.h */,
				88C3153D23B9DA0800E14897 /* NSObject+MJKeyValue.h */,
				88C3153E23B9DA0800E14897 /* NSObject+MJCoding.h */,
				88C3153F23B9DA0800E14897 /* MJFoundation.m */,
			);
			path = MJExtension;
			sourceTree = "<group>";
		};
/* End PBXGroup section */

/* Begin PBXNativeTarget section */
		8810459E2302A39000C7BD76 /* WKEasyJSWebView */ = {
			isa = PBXNativeTarget;
			buildConfigurationList = 881045CB2302A39400C7BD76 /* Build configuration list for PBXNativeTarget "WKEasyJSWebView" */;
			buildPhases = (
				8810459B2302A39000C7BD76 /* Sources */,
				8810459C2302A39000C7BD76 /* Frameworks */,
				8810459D2302A39000C7BD76 /* Resources */,
			);
			buildRules = (
			);
			dependencies = (
			);
			name = WKEasyJSWebView;
			productName = TMEasyJSWebView;
			productReference = 8810459F2302A39000C7BD76 /* WKEasyJSWebView.app */;
			productType = "com.apple.product-type.application";
		};
		881045B62302A39400C7BD76 /* WKEasyJSWebViewTests */ = {
			isa = PBXNativeTarget;
			buildConfigurationList = 881045CE2302A39400C7BD76 /* Build configuration list for PBXNativeTarget "WKEasyJSWebViewTests" */;
			buildPhases = (
				881045B32302A39400C7BD76 /* Sources */,
				881045B42302A39400C7BD76 /* Frameworks */,
				881045B52302A39400C7BD76 /* Resources */,
			);
			buildRules = (
			);
			dependencies = (
				881045B92302A39400C7BD76 /* PBXTargetDependency */,
			);
			name = WKEasyJSWebViewTests;
			productName = TMEasyJSWebViewTests;
			productReference = 881045B72302A39400C7BD76 /* WKEasyJSWebViewTests.xctest */;
			productType = "com.apple.product-type.bundle.unit-test";
		};
		881045C12302A39400C7BD76 /* WKEasyJSWebViewUITests */ = {
			isa = PBXNativeTarget;
			buildConfigurationList = 881045D12302A39400C7BD76 /* Build configuration list for PBXNativeTarget "WKEasyJSWebViewUITests" */;
			buildPhases = (
				881045BE2302A39400C7BD76 /* Sources */,
				881045BF2302A39400C7BD76 /* Frameworks */,
				881045C02302A39400C7BD76 /* Resources */,
			);
			buildRules = (
			);
			dependencies = (
				881045C42302A39400C7BD76 /* PBXTargetDependency */,
			);
			name = WKEasyJSWebViewUITests;
			productName = TMEasyJSWebViewUITests;
			productReference = 881045C22302A39400C7BD76 /* WKEasyJSWebViewUITests.xctest */;
			productType = "com.apple.product-type.bundle.ui-testing";
		};
/* End PBXNativeTarget section */

/* Begin PBXProject section */
		881045972302A39000C7BD76 /* Project object */ = {
			isa = PBXProject;
			attributes = {
				LastUpgradeCheck = 1030;
				ORGANIZATIONNAME = JIJIUDONG;
				TargetAttributes = {
					8810459E2302A39000C7BD76 = {
						CreatedOnToolsVersion = 10.3;
					};
					881045B62302A39400C7BD76 = {
						CreatedOnToolsVersion = 10.3;
						TestTargetID = 8810459E2302A39000C7BD76;
					};
					881045C12302A39400C7BD76 = {
						CreatedOnToolsVersion = 10.3;
						TestTargetID = 8810459E2302A39000C7BD76;
					};
				};
			};
			buildConfigurationList = 8810459A2302A39000C7BD76 /* Build configuration list for PBXProject "WKEasyJSWebView" */;
			compatibilityVersion = "Xcode 9.3";
			developmentRegion = en;
			hasScannedForEncodings = 0;
			knownRegions = (
				en,
				Base,
			);
			mainGroup = 881045962302A39000C7BD76;
			productRefGroup = 881045A02302A39000C7BD76 /* Products */;
			projectDirPath = "";
			projectRoot = "";
			targets = (
				8810459E2302A39000C7BD76 /* WKEasyJSWebView */,
				881045B62302A39400C7BD76 /* WKEasyJSWebViewTests */,
				881045C12302A39400C7BD76 /* WKEasyJSWebViewUITests */,
			);
		};
/* End PBXProject section */

/* Begin PBXResourcesBuildPhase section */
		8810459D2302A39000C7BD76 /* Resources */ = {
			isa = PBXResourcesBuildPhase;
			buildActionMask = 2147483647;
			files = (
				881045F92302B5ED00C7BD76 /* easy-inject.js in Resources */,
				881045AF2302A39300C7BD76 /* LaunchScreen.storyboard in Resources */,
				881046002302C10200C7BD76 /* index.html in Resources */,
				881045AC2302A39300C7BD76 /* Assets.xcassets in Resources */,
				881045AA2302A39000C7BD76 /* Main.storyboard in Resources */,
			);
			runOnlyForDeploymentPostprocessing = 0;
		};
		881045B52302A39400C7BD76 /* Resources */ = {
			isa = PBXResourcesBuildPhase;
			buildActionMask = 2147483647;
			files = (
			);
			runOnlyForDeploymentPostprocessing = 0;
		};
		881045C02302A39400C7BD76 /* Resources */ = {
			isa = PBXResourcesBuildPhase;
			buildActionMask = 2147483647;
			files = (
			);
			runOnlyForDeploymentPostprocessing = 0;
		};
/* End PBXResourcesBuildPhase section */

/* Begin PBXSourcesBuildPhase section */
		8810459B2302A39000C7BD76 /* Sources */ = {
			isa = PBXSourcesBuildPhase;
			buildActionMask = 2147483647;
			files = (
				881045FE2302BD5300C7BD76 /* NativeMethods.m in Sources */,
				88C3154023B9DA0800E14897 /* MJPropertyType.m in Sources */,
				881045A72302A39000C7BD76 /* ViewController.m in Sources */,
				88C3154223B9DA0800E14897 /* MJProperty.m in Sources */,
				88C3154523B9DA0800E14897 /* NSObject+MJProperty.m in Sources */,
				88C3154623B9DA0800E14897 /* NSObject+MJClass.m in Sources */,
				88C3154423B9DA0800E14897 /* MJExtensionConst.m in Sources */,
				FA1A3F49258F583400384BC0 /* JSMethods.m in Sources */,
				881045B22302A39300C7BD76 /* main.m in Sources */,
				88C3154723B9DA0800E14897 /* NSString+MJExtension.m in Sources */,
				88C3154123B9DA0800E14897 /* NSObject+MJKeyValue.m in Sources */,
				88C3154323B9DA0800E14897 /* NSObject+MJCoding.m in Sources */,
				FA41D3B02590B1DD002EC091 /* JSBridge.m in Sources */,
				881045A42302A39000C7BD76 /* AppDelegate.m in Sources */,
				88C3154823B9DA0800E14897 /* MJPropertyKey.m in Sources */,
				88C3154923B9DA0800E14897 /* MJFoundation.m in Sources */,
			);
			runOnlyForDeploymentPostprocessing = 0;
		};
		881045B32302A39400C7BD76 /* Sources */ = {
			isa = PBXSourcesBuildPhase;
			buildActionMask = 2147483647;
			files = (
			);
			runOnlyForDeploymentPostprocessing = 0;
		};
		881045BE2302A39400C7BD76 /* Sources */ = {
			isa = PBXSourcesBuildPhase;
			buildActionMask = 2147483647;
			files = (
			);
			runOnlyForDeploymentPostprocessing = 0;
		};
/* End PBXSourcesBuildPhase section */

/* Begin PBXTargetDependency section */
		881045B92302A39400C7BD76 /* PBXTargetDependency */ = {
			isa = PBXTargetDependency;
			target = 8810459E2302A39000C7BD76 /* WKEasyJSWebView */;
			targetProxy = 881045B82302A39400C7BD76 /* PBXContainerItemProxy */;
		};
		881045C42302A39400C7BD76 /* PBXTargetDependency */ = {
			isa = PBXTargetDependency;
			target = 8810459E2302A39000C7BD76 /* WKEasyJSWebView */;
			targetProxy = 881045C32302A39400C7BD76 /* PBXContainerItemProxy */;
		};
/* End PBXTargetDependency section */

/* Begin PBXVariantGroup section */
		881045A82302A39000C7BD76 /* Main.storyboard */ = {
			isa = PBXVariantGroup;
			children = (
				881045A92302A39000C7BD76 /* Base */,
			);
			name = Main.storyboard;
			sourceTree = "<group>";
		};
		881045AD2302A39300C7BD76 /* LaunchScreen.storyboard */ = {
			isa = PBXVariantGroup;
			children = (
				881045AE2302A39300C7BD76 /* Base */,
			);
			name = LaunchScreen.storyboard;
			sourceTree = "<group>";
		};
/* End PBXVariantGroup section */

/* Begin XCBuildConfiguration section */
		881045C92302A39400C7BD76 /* Debug */ = {
			isa = XCBuildConfiguration;
			buildSettings = {
				ALWAYS_SEARCH_USER_PATHS = NO;
				CLANG_ANALYZER_NONNULL = YES;
				CLANG_ANALYZER_NUMBER_OBJECT_CONVERSION = YES_AGGRESSIVE;
				CLANG_CXX_LANGUAGE_STANDARD = "gnu++14";
				CLANG_CXX_LIBRARY = "libc++";
				CLANG_ENABLE_MODULES = YES;
				CLANG_ENABLE_OBJC_ARC = YES;
				CLANG_ENABLE_OBJC_WEAK = YES;
				CLANG_WARN_BLOCK_CAPTURE_AUTORELEASING = YES;
				CLANG_WARN_BOOL_CONVERSION = YES;
				CLANG_WARN_COMMA = YES;
				CLANG_WARN_CONSTANT_CONVERSION = YES;
				CLANG_WARN_DEPRECATED_OBJC_IMPLEMENTATIONS = YES;
				CLANG_WARN_DIRECT_OBJC_ISA_USAGE = YES_ERROR;
				CLANG_WARN_DOCUMENTATION_COMMENTS = YES;
				CLANG_WARN_EMPTY_BODY = YES;
				CLANG_WARN_ENUM_CONVERSION = YES;
				CLANG_WARN_INFINITE_RECURSION = YES;
				CLANG_WARN_INT_CONVERSION = YES;
				CLANG_WARN_NON_LITERAL_NULL_CONVERSION = YES;
				CLANG_WARN_OBJC_IMPLICIT_RETAIN_SELF = YES;
				CLANG_WARN_OBJC_LITERAL_CONVERSION = YES;
				CLANG_WARN_OBJC_ROOT_CLASS = YES_ERROR;
				CLANG_WARN_RANGE_LOOP_ANALYSIS = YES;
				CLANG_WARN_STRICT_PROTOTYPES = YES;
				CLANG_WARN_SUSPICIOUS_MOVE = YES;
				CLANG_WARN_UNGUARDED_AVAILABILITY = YES_AGGRESSIVE;
				CLANG_WARN_UNREACHABLE_CODE = YES;
				CLANG_WARN__DUPLICATE_METHOD_MATCH = YES;
				CODE_SIGN_IDENTITY = "iPhone Developer";
				COPY_PHASE_STRIP = NO;
				DEBUG_INFORMATION_FORMAT = dwarf;
				ENABLE_STRICT_OBJC_MSGSEND = YES;
				ENABLE_TESTABILITY = YES;
				GCC_C_LANGUAGE_STANDARD = gnu11;
				GCC_DYNAMIC_NO_PIC = NO;
				GCC_NO_COMMON_BLOCKS = YES;
				GCC_OPTIMIZATION_LEVEL = 0;
				GCC_PREPROCESSOR_DEFINITIONS = (
					"DEBUG=1",
					"$(inherited)",
				);
				GCC_WARN_64_TO_32_BIT_CONVERSION = YES;
				GCC_WARN_ABOUT_RETURN_TYPE = YES_ERROR;
				GCC_WARN_UNDECLARED_SELECTOR = YES;
				GCC_WARN_UNINITIALIZED_AUTOS = YES_AGGRESSIVE;
				GCC_WARN_UNUSED_FUNCTION = YES;
				GCC_WARN_UNUSED_VARIABLE = YES;
				IPHONEOS_DEPLOYMENT_TARGET = 12.4;
				MTL_ENABLE_DEBUG_INFO = INCLUDE_SOURCE;
				MTL_FAST_MATH = YES;
				ONLY_ACTIVE_ARCH = YES;
				SDKROOT = iphoneos;
			};
			name = Debug;
		};
		881045CA2302A39400C7BD76 /* Release */ = {
			isa = XCBuildConfiguration;
			buildSettings = {
				ALWAYS_SEARCH_USER_PATHS = NO;
				CLANG_ANALYZER_NONNULL = YES;
				CLANG_ANALYZER_NUMBER_OBJECT_CONVERSION = YES_AGGRESSIVE;
				CLANG_CXX_LANGUAGE_STANDARD = "gnu++14";
				CLANG_CXX_LIBRARY = "libc++";
				CLANG_ENABLE_MODULES = YES;
				CLANG_ENABLE_OBJC_ARC = YES;
				CLANG_ENABLE_OBJC_WEAK = YES;
				CLANG_WARN_BLOCK_CAPTURE_AUTORELEASING = YES;
				CLANG_WARN_BOOL_CONVERSION = YES;
				CLANG_WARN_COMMA = YES;
				CLANG_WARN_CONSTANT_CONVERSION = YES;
				CLANG_WARN_DEPRECATED_OBJC_IMPLEMENTATIONS = YES;
				CLANG_WARN_DIRECT_OBJC_ISA_USAGE = YES_ERROR;
				CLANG_WARN_DOCUMENTATION_COMMENTS = YES;
				CLANG_WARN_EMPTY_BODY = YES;
				CLANG_WARN_ENUM_CONVERSION = YES;
				CLANG_WARN_INFINITE_RECURSION = YES;
				CLANG_WARN_INT_CONVERSION = YES;
				CLANG_WARN_NON_LITERAL_NULL_CONVERSION = YES;
				CLANG_WARN_OBJC_IMPLICIT_RETAIN_SELF = YES;
				CLANG_WARN_OBJC_LITERAL_CONVERSION = YES;
				CLANG_WARN_OBJC_ROOT_CLASS = YES_ERROR;
				CLANG_WARN_RANGE_LOOP_ANALYSIS = YES;
				CLANG_WARN_STRICT_PROTOTYPES = YES;
				CLANG_WARN_SUSPICIOUS_MOVE = YES;
				CLANG_WARN_UNGUARDED_AVAILABILITY = YES_AGGRESSIVE;
				CLANG_WARN_UNREACHABLE_CODE = YES;
				CLANG_WARN__DUPLICATE_METHOD_MATCH = YES;
				CODE_SIGN_IDENTITY = "iPhone Developer";
				COPY_PHASE_STRIP = NO;
				DEBUG_INFORMATION_FORMAT = "dwarf-with-dsym";
				ENABLE_NS_ASSERTIONS = NO;
				ENABLE_STRICT_OBJC_MSGSEND = YES;
				GCC_C_LANGUAGE_STANDARD = gnu11;
				GCC_NO_COMMON_BLOCKS = YES;
				GCC_WARN_64_TO_32_BIT_CONVERSION = YES;
				GCC_WARN_ABOUT_RETURN_TYPE = YES_ERROR;
				GCC_WARN_UNDECLARED_SELECTOR = YES;
				GCC_WARN_UNINITIALIZED_AUTOS = YES_AGGRESSIVE;
				GCC_WARN_UNUSED_FUNCTION = YES;
				GCC_WARN_UNUSED_VARIABLE = YES;
				IPHONEOS_DEPLOYMENT_TARGET = 12.4;
				MTL_ENABLE_DEBUG_INFO = NO;
				MTL_FAST_MATH = YES;
				SDKROOT = iphoneos;
				VALIDATE_PRODUCT = YES;
			};
			name = Release;
		};
		881045CC2302A39400C7BD76 /* Debug */ = {
			isa = XCBuildConfiguration;
			buildSettings = {
				ASSETCATALOG_COMPILER_APPICON_NAME = AppIcon;
				CODE_SIGN_IDENTITY = "Apple Development";
				CODE_SIGN_STYLE = Automatic;
				DEVELOPMENT_TEAM = P2ZL3LJVPZ;
				INFOPLIST_FILE = TMEasyJSWebView/Info.plist;
				IPHONEOS_DEPLOYMENT_TARGET = 8.0;
				LD_RUNPATH_SEARCH_PATHS = (
					"$(inherited)",
					"@executable_path/Frameworks",
				);
				PRODUCT_BUNDLE_IDENTIFIER = com.Pnlyy.jsb;
				PRODUCT_NAME = "$(TARGET_NAME)";
				PROVISIONING_PROFILE_SPECIFIER = "";
				TARGETED_DEVICE_FAMILY = "1,2";
			};
			name = Debug;
		};
		881045CD2302A39400C7BD76 /* Release */ = {
			isa = XCBuildConfiguration;
			buildSettings = {
				ASSETCATALOG_COMPILER_APPICON_NAME = AppIcon;
				CODE_SIGN_IDENTITY = "Apple Development";
				CODE_SIGN_STYLE = Automatic;
				DEVELOPMENT_TEAM = P2ZL3LJVPZ;
				INFOPLIST_FILE = TMEasyJSWebView/Info.plist;
				IPHONEOS_DEPLOYMENT_TARGET = 8.0;
				LD_RUNPATH_SEARCH_PATHS = (
					"$(inherited)",
					"@executable_path/Frameworks",
				);
				PRODUCT_BUNDLE_IDENTIFIER = com.Pnlyy.jsb;
				PRODUCT_NAME = "$(TARGET_NAME)";
				PROVISIONING_PROFILE_SPECIFIER = "";
				TARGETED_DEVICE_FAMILY = "1,2";
			};
			name = Release;
		};
		881045CF2302A39400C7BD76 /* Debug */ = {
			isa = XCBuildConfiguration;
			buildSettings = {
				BUNDLE_LOADER = "$(TEST_HOST)";
				CODE_SIGN_STYLE = Automatic;
				INFOPLIST_FILE = TMEasyJSWebViewTests/Info.plist;
				LD_RUNPATH_SEARCH_PATHS = (
					"$(inherited)",
					"@executable_path/Frameworks",
					"@loader_path/Frameworks",
				);
				PRODUCT_BUNDLE_IDENTIFIER = com.jerod.TMEasyJSWebViewTests;
				PRODUCT_NAME = "$(TARGET_NAME)";
				TARGETED_DEVICE_FAMILY = "1,2";
				TEST_HOST = "$(BUILT_PRODUCTS_DIR)/WKEasyJSWebView.app/WKEasyJSWebView";
			};
			name = Debug;
		};
		881045D02302A39400C7BD76 /* Release */ = {
			isa = XCBuildConfiguration;
			buildSettings = {
				BUNDLE_LOADER = "$(TEST_HOST)";
				CODE_SIGN_STYLE = Automatic;
				INFOPLIST_FILE = TMEasyJSWebViewTests/Info.plist;
				LD_RUNPATH_SEARCH_PATHS = (
					"$(inherited)",
					"@executable_path/Frameworks",
					"@loader_path/Frameworks",
				);
				PRODUCT_BUNDLE_IDENTIFIER = com.jerod.TMEasyJSWebViewTests;
				PRODUCT_NAME = "$(TARGET_NAME)";
				TARGETED_DEVICE_FAMILY = "1,2";
				TEST_HOST = "$(BUILT_PRODUCTS_DIR)/WKEasyJSWebView.app/WKEasyJSWebView";
			};
			name = Release;
		};
		881045D22302A39400C7BD76 /* Debug */ = {
			isa = XCBuildConfiguration;
			buildSettings = {
				CODE_SIGN_STYLE = Automatic;
				INFOPLIST_FILE = TMEasyJSWebViewUITests/Info.plist;
				LD_RUNPATH_SEARCH_PATHS = (
					"$(inherited)",
					"@executable_path/Frameworks",
					"@loader_path/Frameworks",
				);
				PRODUCT_BUNDLE_IDENTIFIER = com.jerod.TMEasyJSWebViewUITests;
				PRODUCT_NAME = "$(TARGET_NAME)";
				TARGETED_DEVICE_FAMILY = "1,2";
				TEST_TARGET_NAME = TMEasyJSWebView;
			};
			name = Debug;
		};
		881045D32302A39400C7BD76 /* Release */ = {
			isa = XCBuildConfiguration;
			buildSettings = {
				CODE_SIGN_STYLE = Automatic;
				INFOPLIST_FILE = TMEasyJSWebViewUITests/Info.plist;
				LD_RUNPATH_SEARCH_PATHS = (
					"$(inherited)",
					"@executable_path/Frameworks",
					"@loader_path/Frameworks",
				);
				PRODUCT_BUNDLE_IDENTIFIER = com.jerod.TMEasyJSWebViewUITests;
				PRODUCT_NAME = "$(TARGET_NAME)";
				TARGETED_DEVICE_FAMILY = "1,2";
				TEST_TARGET_NAME = TMEasyJSWebView;
			};
			name = Release;
		};
/* End XCBuildConfiguration section */

/* Begin XCConfigurationList section */
		8810459A2302A39000C7BD76 /* Build configuration list for PBXProject "WKEasyJSWebView" */ = {
			isa = XCConfigurationList;
			buildConfigurations = (
				881045C92302A39400C7BD76 /* Debug */,
				881045CA2302A39400C7BD76 /* Release */,
			);
			defaultConfigurationIsVisible = 0;
			defaultConfigurationName = Release;
		};
		881045CB2302A39400C7BD76 /* Build configuration list for PBXNativeTarget "WKEasyJSWebView" */ = {
			isa = XCConfigurationList;
			buildConfigurations = (
				881045CC2302A39400C7BD76 /* Debug */,
				881045CD2302A39400C7BD76 /* Release */,
			);
			defaultConfigurationIsVisible = 0;
			defaultConfigurationName = Release;
		};
		881045CE2302A39400C7BD76 /* Build configuration list for PBXNativeTarget "WKEasyJSWebViewTests" */ = {
			isa = XCConfigurationList;
			buildConfigurations = (
				881045CF2302A39400C7BD76 /* Debug */,
				881045D02302A39400C7BD76 /* Release */,
			);
			defaultConfigurationIsVisible = 0;
			defaultConfigurationName = Release;
		};
		881045D12302A39400C7BD76 /* Build configuration list for PBXNativeTarget "WKEasyJSWebViewUITests" */ = {
			isa = XCConfigurationList;
			buildConfigurations = (
				881045D22302A39400C7BD76 /* Debug */,
				881045D32302A39400C7BD76 /* Release */,
			);
			defaultConfigurationIsVisible = 0;
			defaultConfigurationName = Release;
		};
/* End XCConfigurationList section */
	};
	rootObject = 881045972302A39000C7BD76 /* Project object */;
}
